
Microsoft Visual Studio Solution File, Format Version 12.00
# Visual Studio Version 16
VisualStudioVersion = 16.0.33214.272
MinimumVisualStudioVersion = 10.0.40219.1
Project("{FAE04EC0-301F-11D3-BF4B-00C04F79EFBC}") = "LOGIN", "LOGIN.csproj", "{08DD5E65-AE66-440F-8E87-2ACED14057B7}"
EndProject
Global
	GlobalSection(SolutionConfigurationPlatforms) = preSolution
		Debug|Any CPU = Debug|Any CPU
		Release|Any CPU = Release|Any CPU
	EndGlobalSection
	GlobalSection(ProjectConfigurationPlatforms) = postSolution
		{08DD5E65-AE66-440F-8E87-2ACED14057B7}.Debug|Any CPU.ActiveCfg = Debug|Any CPU
		{08DD5E65-AE66-440F-8E87-2ACED14057B7}.Debug|Any CPU.Build.0 = Debug|Any CPU
		{08DD5E65-AE66-440F-8E87-2ACED14057B7}.Release|Any CPU.ActiveCfg = Release|Any CPU
		{08DD5E65-AE66-440F-8E87-2ACED14057B7}.Release|Any CPU.Build.0 = Release|Any CPU
	EndGlobalSection
	GlobalSection(SolutionProperties) = preSolution
		HideSolutionNode = FALSE
	EndGlobalSection
	GlobalSection(ExtensibilityGlobals) = postSolution
		SolutionGuid = {15ABCC01-C9FF-49DC-9BFF-40273EECDB27}
	EndGlobalSection
EndGlobal
